
Microsoft Visual Studio Solution File, Format Version 12.00
# Visual Studio Version 16
VisualStudioVersion = 16.0.31129.286
MinimumVisualStudioVersion = 10.0.40219.1
Project("{FAE04EC0-301F-11D3-BF4B-00C04F79EFBC}") = "AnimeToNotion", "AnimeToNotion\AnimeToNotion.csproj", "{D7B47BB1-EC02-4726-85A6-6BB6B9EC07AA}"
EndProject
Global
	GlobalSection(SolutionConfigurationPlatforms) = preSolution
		Debug|Any CPU = Debug|Any CPU
		Release|Any CPU = Release|Any CPU
	EndGlobalSection
	GlobalSection(ProjectConfigurationPlatforms) = postSolution
		{D7B47BB1-EC02-4726-85A6-6BB6B9EC07AA}.Debug|Any CPU.ActiveCfg = Debug|Any CPU
		{D7B47BB1-EC02-4726-85A6-6BB6B9EC07AA}.Debug|Any CPU.Build.0 = Debug|Any CPU
		{D7B47BB1-EC02-4726-85A6-6BB6B9EC07AA}.Release|Any CPU.ActiveCfg = Release|Any CPU
		{D7B47BB1-EC02-4726-85A6-6BB6B9EC07AA}.Release|Any CPU.Build.0 = Release|Any CPU
	EndGlobalSection
	GlobalSection(SolutionProperties) = preSolution
		HideSolutionNode = FALSE
	EndGlobalSection
	GlobalSection(ExtensibilityGlobals) = postSolution
		SolutionGuid = {9D587071-AB67-4A91-B052-447D6F657BE5}
	EndGlobalSection
EndGlobal
